
Microsoft Visual Studio Solution File, Format Version 12.00
# Visual Studio 15
VisualStudioVersion = 15.0.28307.539
MinimumVisualStudioVersion = 10.0.40219.1
Project("{FAE04EC0-301F-11D3-BF4B-00C04F79EFBC}") = "HenryScheinTestForms", "HenryScheinTestForms\HenryScheinTestForms.csproj", "{534ECC1F-956A-4DC6-A0DE-BAE659744114}"
EndProject
Global
	GlobalSection(SolutionConfigurationPlatforms) = preSolution
		Debug|Any CPU = Debug|Any CPU
		Release|Any CPU = Release|Any CPU
	EndGlobalSection
	GlobalSection(ProjectConfigurationPlatforms) = postSolution
		{534ECC1F-956A-4DC6-A0DE-BAE659744114}.Debug|Any CPU.ActiveCfg = Debug|Any CPU
		{534ECC1F-956A-4DC6-A0DE-BAE659744114}.Debug|Any CPU.Build.0 = Debug|Any CPU
		{534ECC1F-956A-4DC6-A0DE-BAE659744114}.Release|Any CPU.ActiveCfg = Release|Any CPU
		{534ECC1F-956A-4DC6-A0DE-BAE659744114}.Release|Any CPU.Build.0 = Release|Any CPU
	EndGlobalSection
	GlobalSection(SolutionProperties) = preSolution
		HideSolutionNode = FALSE
	EndGlobalSection
	GlobalSection(ExtensibilityGlobals) = postSolution
		SolutionGuid = {2388E9B7-42EC-414C-A1FE-E75276981651}
	EndGlobalSection
EndGlobal
